
Microsoft Visual Studio Solution File, Format Version 12.00
# Visual Studio Version 16
VisualStudioVersion = 16.0.30114.105
MinimumVisualStudioVersion = 10.0.40219.1
Project("{FAE04EC0-301F-11D3-BF4B-00C04F79EFBC}") = "MVC", "MVC\MVC.csproj", "{37F392A1-0524-41C3-B96B-284507A56694}"
EndProject
Global
	GlobalSection(SolutionConfigurationPlatforms) = preSolution
		Debug|Any CPU = Debug|Any CPU
		Release|Any CPU = Release|Any CPU
	EndGlobalSection
	GlobalSection(ProjectConfigurationPlatforms) = postSolution
		{37F392A1-0524-41C3-B96B-284507A56694}.Debug|Any CPU.ActiveCfg = Debug|Any CPU
		{37F392A1-0524-41C3-B96B-284507A56694}.Debug|Any CPU.Build.0 = Debug|Any CPU
		{37F392A1-0524-41C3-B96B-284507A56694}.Release|Any CPU.ActiveCfg = Release|Any CPU
		{37F392A1-0524-41C3-B96B-284507A56694}.Release|Any CPU.Build.0 = Release|Any CPU
	EndGlobalSection
	GlobalSection(SolutionProperties) = preSolution
		HideSolutionNode = FALSE
	EndGlobalSection
	GlobalSection(ExtensibilityGlobals) = postSolution
		SolutionGuid = {CE5C56D6-3ED6-4755-A58B-9840EACA8F98}
	EndGlobalSection
EndGlobal
